// !$*UTF8*$!
{
	archiveVersion = 1;
	classes = {
	};
	objectVersion = 51;
	objects = {

/* Begin PBXBuildFile section */
		05768705A58925AE38B301B8 /* Pods_Instagram_InstagramUITests.framework in Frameworks */ = {isa = PBXBuildFile; fileRef = ECE54FD4132464DB67E72E6D /* Pods_Instagram_InstagramUITests.framework */; };
		3398D7D4A517DF47FB97F32B /* Pods_Instagram.framework in Frameworks */ = {isa = PBXBuildFile; fileRef = D1B4D7FCDCE051A4897C3EFF /* Pods_Instagram.framework */; };
		9418D7D724B3BCF800D9BDAB /* AppDelegate.m in Sources */ = {isa = PBXBuildFile; fileRef = 9418D7D624B3BCF800D9BDAB /* AppDelegate.m */; };
		9418D7DA24B3BCF800D9BDAB /* SceneDelegate.m in Sources */ = {isa = PBXBuildFile; fileRef = 9418D7D924B3BCF800D9BDAB /* SceneDelegate.m */; };
		9418D7DD24B3BCF800D9BDAB /* ViewController.m in Sources */ = {isa = PBXBuildFile; fileRef = 9418D7DC24B3BCF800D9BDAB /* ViewController.m */; };
		9418D7E024B3BCF800D9BDAB /* Main.storyboard in Resources */ = {isa = PBXBuildFile; fileRef = 9418D7DE24B3BCF800D9BDAB /* Main.storyboard */; };
		9418D7E224B3BCF900D9BDAB /* Assets.xcassets in Resources */ = {isa = PBXBuildFile; fileRef = 9418D7E124B3BCF900D9BDAB /* Assets.xcassets */; };
		9418D7E524B3BCF900D9BDAB /* LaunchScreen.storyboard in Resources */ = {isa = PBXBuildFile; fileRef = 9418D7E324B3BCF900D9BDAB /* LaunchScreen.storyboard */; };
		9418D7E824B3BCF900D9BDAB /* main.m in Sources */ = {isa = PBXBuildFile; fileRef = 9418D7E724B3BCF900D9BDAB /* main.m */; };
		9418D7F224B3BCF900D9BDAB /* InstagramTests.m in Sources */ = {isa = PBXBuildFile; fileRef = 9418D7F124B3BCF900D9BDAB /* InstagramTests.m */; };
		9418D7FD24B3BCF900D9BDAB /* InstagramUITests.m in Sources */ = {isa = PBXBuildFile; fileRef = 9418D7FC24B3BCF900D9BDAB /* InstagramUITests.m */; };
		9418D81124B3CA3D00D9BDAB /* LoginViewController.m in Sources */ = {isa = PBXBuildFile; fileRef = 9418D81024B3CA3D00D9BDAB /* LoginViewController.m */; };
		9418D81424B3CD7100D9BDAB /* FeedViewController.m in Sources */ = {isa = PBXBuildFile; fileRef = 9418D81324B3CD7100D9BDAB /* FeedViewController.m */; };
		9418D81724B3D81F00D9BDAB /* PhotoViewController.m in Sources */ = {isa = PBXBuildFile; fileRef = 9418D81624B3D81F00D9BDAB /* PhotoViewController.m */; };
		9418D81A24B3D91E00D9BDAB /* ProfileViewController.m in Sources */ = {isa = PBXBuildFile; fileRef = 9418D81924B3D91E00D9BDAB /* ProfileViewController.m */; };
		94209A0F24B3FD4E005324B9 /* PhotoCell.m in Sources */ = {isa = PBXBuildFile; fileRef = 94209A0E24B3FD4E005324B9 /* PhotoCell.m */; };
		94209A1224B501F4005324B9 /* Post.m in Sources */ = {isa = PBXBuildFile; fileRef = 94209A1124B501F4005324B9 /* Post.m */; };
		9445B55C24B514C600F1C9B3 /* DetailsViewController.m in Sources */ = {isa = PBXBuildFile; fileRef = 9445B55B24B514C600F1C9B3 /* DetailsViewController.m */; };
		DED9FFDE089145207BF2B9F9 /* Pods_InstagramTests.framework in Frameworks */ = {isa = PBXBuildFile; fileRef = 8DE9138009811B02507DC676 /* Pods_InstagramTests.framework */; };
/* End PBXBuildFile section */

/* Begin PBXContainerItemProxy section */
		9418D7EE24B3BCF900D9BDAB /* PBXContainerItemProxy */ = {
			isa = PBXContainerItemProxy;
			containerPortal = 9418D7CA24B3BCF800D9BDAB /* Project object */;
			proxyType = 1;
			remoteGlobalIDString = 9418D7D124B3BCF800D9BDAB;
			remoteInfo = Instagram;
		};
		9418D7F924B3BCF900D9BDAB /* PBXContainerItemProxy */ = {
			isa = PBXContainerItemProxy;
			containerPortal = 9418D7CA24B3BCF800D9BDAB /* Project object */;
			proxyType = 1;
			remoteGlobalIDString = 9418D7D124B3BCF800D9BDAB;
			remoteInfo = Instagram;
		};
/* End PBXContainerItemProxy section */

/* Begin PBXFileReference section */
		527F03A5EC1B386A59C8DE02 /* Pods-Instagram-InstagramUITests.release.xcconfig */ = {isa = PBXFileReference; includeInIndex = 1; lastKnownFileType = text.xcconfig; name = "Pods-Instagram-InstagramUITests.release.xcconfig"; path = "Target Support Files/Pods-Instagram-InstagramUITests/Pods-Instagram-InstagramUITests.release.xcconfig"; sourceTree = "<group>"; };
		55E2609DC9E52702083BB9B3 /* Pods-Instagram.release.xcconfig */ = {isa = PBXFileReference; includeInIndex = 1; lastKnownFileType = text.xcconfig; name = "Pods-Instagram.release.xcconfig"; path = "Target Support Files/Pods-Instagram/Pods-Instagram.release.xcconfig"; sourceTree = "<group>"; };
		5DA6D267772EF724345B358E /* Pods-InstagramTests.release.xcconfig */ = {isa = PBXFileReference; includeInIndex = 1; lastKnownFileType = text.xcconfig; name = "Pods-InstagramTests.release.xcconfig"; path = "Target Support Files/Pods-InstagramTests/Pods-InstagramTests.release.xcconfig"; sourceTree = "<group>"; };
		8DE9138009811B02507DC676 /* Pods_InstagramTests.framework */ = {isa = PBXFileReference; explicitFileType = wrapper.framework; includeInIndex = 0; path = Pods_InstagramTests.framework; sourceTree = BUILT_PRODUCTS_DIR; };
		9418D7D224B3BCF800D9BDAB /* Instagram.app */ = {isa = PBXFileReference; explicitFileType = wrapper.application; includeInIndex = 0; path = Instagram.app; sourceTree = BUILT_PRODUCTS_DIR; };
		9418D7D524B3BCF800D9BDAB /* AppDelegate.h */ = {isa = PBXFileReference; lastKnownFileType = sourcecode.c.h; path = AppDelegate.h; sourceTree = "<group>"; };
		9418D7D624B3BCF800D9BDAB /* AppDelegate.m */ = {isa = PBXFileReference; lastKnownFileType = sourcecode.c.objc; path = AppDelegate.m; sourceTree = "<group>"; };
		9418D7D824B3BCF800D9BDAB /* SceneDelegate.h */ = {isa = PBXFileReference; lastKnownFileType = sourcecode.c.h; path = SceneDelegate.h; sourceTree = "<group>"; };
		9418D7D924B3BCF800D9BDAB /* SceneDelegate.m */ = {isa = PBXFileReference; lastKnownFileType = sourcecode.c.objc; path = SceneDelegate.m; sourceTree = "<group>"; };
		9418D7DB24B3BCF800D9BDAB /* ViewController.h */ = {isa = PBXFileReference; lastKnownFileType = sourcecode.c.h; path = ViewController.h; sourceTree = "<group>"; };
		9418D7DC24B3BCF800D9BDAB /* ViewController.m */ = {isa = PBXFileReference; lastKnownFileType = sourcecode.c.objc; path = ViewController.m; sourceTree = "<group>"; };
		9418D7DF24B3BCF800D9BDAB /* Base */ = {isa = PBXFileReference; lastKnownFileType = file.storyboard; name = Base; path = Base.lproj/Main.storyboard; sourceTree = "<group>"; };
		9418D7E124B3BCF900D9BDAB /* Assets.xcassets */ = {isa = PBXFileReference; lastKnownFileType = folder.assetcatalog; path = Assets.xcassets; sourceTree = "<group>"; };
		9418D7E424B3BCF900D9BDAB /* Base */ = {isa = PBXFileReference; lastKnownFileType = file.storyboard; name = Base; path = Base.lproj/LaunchScreen.storyboard; sourceTree = "<group>"; };
		9418D7E624B3BCF900D9BDAB /* Info.plist */ = {isa = PBXFileReference; lastKnownFileType = text.plist.xml; path = Info.plist; sourceTree = "<group>"; };
		9418D7E724B3BCF900D9BDAB /* main.m */ = {isa = PBXFileReference; lastKnownFileType = sourcecode.c.objc; path = main.m; sourceTree = "<group>"; };
		9418D7ED24B3BCF900D9BDAB /* InstagramTests.xctest */ = {isa = PBXFileReference; explicitFileType = wrapper.cfbundle; includeInIndex = 0; path = InstagramTests.xctest; sourceTree = BUILT_PRODUCTS_DIR; };
		9418D7F124B3BCF900D9BDAB /* InstagramTests.m */ = {isa = PBXFileReference; lastKnownFileType = sourcecode.c.objc; path = InstagramTests.m; sourceTree = "<group>"; };
		9418D7F324B3BCF900D9BDAB /* Info.plist */ = {isa = PBXFileReference; lastKnownFileType = text.plist.xml; path = Info.plist; sourceTree = "<group>"; };
		9418D7F824B3BCF900D9BDAB /* InstagramUITests.xctest */ = {isa = PBXFileReference; explicitFileType = wrapper.cfbundle; includeInIndex = 0; path = InstagramUITests.xctest; sourceTree = BUILT_PRODUCTS_DIR; };
		9418D7FC24B3BCF900D9BDAB /* InstagramUITests.m */ = {isa = PBXFileReference; lastKnownFileType = sourcecode.c.objc; path = InstagramUITests.m; sourceTree = "<group>"; };
		9418D7FE24B3BCF900D9BDAB /* Info.plist */ = {isa = PBXFileReference; lastKnownFileType = text.plist.xml; path = Info.plist; sourceTree = "<group>"; };
		9418D80F24B3CA3D00D9BDAB /* LoginViewController.h */ = {isa = PBXFileReference; lastKnownFileType = sourcecode.c.h; path = LoginViewController.h; sourceTree = "<group>"; };
		9418D81024B3CA3D00D9BDAB /* LoginViewController.m */ = {isa = PBXFileReference; lastKnownFileType = sourcecode.c.objc; path = LoginViewController.m; sourceTree = "<group>"; };
		9418D81224B3CD7100D9BDAB /* FeedViewController.h */ = {isa = PBXFileReference; lastKnownFileType = sourcecode.c.h; path = FeedViewController.h; sourceTree = "<group>"; };
		9418D81324B3CD7100D9BDAB /* FeedViewController.m */ = {isa = PBXFileReference; lastKnownFileType = sourcecode.c.objc; path = FeedViewController.m; sourceTree = "<group>"; };
		9418D81524B3D81F00D9BDAB /* PhotoViewController.h */ = {isa = PBXFileReference; lastKnownFileType = sourcecode.c.h; path = PhotoViewController.h; sourceTree = "<group>"; };
		9418D81624B3D81F00D9BDAB /* PhotoViewController.m */ = {isa = PBXFileReference; lastKnownFileType = sourcecode.c.objc; path = PhotoViewController.m; sourceTree = "<group>"; };
		9418D81824B3D91E00D9BDAB /* ProfileViewController.h */ = {isa = PBXFileReference; lastKnownFileType = sourcecode.c.h; path = ProfileViewController.h; sourceTree = "<group>"; };
		9418D81924B3D91E00D9BDAB /* ProfileViewController.m */ = {isa = PBXFileReference; lastKnownFileType = sourcecode.c.objc; path = ProfileViewController.m; sourceTree = "<group>"; };
		94209A0D24B3FD4E005324B9 /* PhotoCell.h */ = {isa = PBXFileReference; lastKnownFileType = sourcecode.c.h; path = PhotoCell.h; sourceTree = "<group>"; };
		94209A0E24B3FD4E005324B9 /* PhotoCell.m */ = {isa = PBXFileReference; lastKnownFileType = sourcecode.c.objc; path = PhotoCell.m; sourceTree = "<group>"; };
		94209A1024B501F4005324B9 /* Post.h */ = {isa = PBXFileReference; lastKnownFileType = sourcecode.c.h; path = Post.h; sourceTree = "<group>"; };
		94209A1124B501F4005324B9 /* Post.m */ = {isa = PBXFileReference; lastKnownFileType = sourcecode.c.objc; path = Post.m; sourceTree = "<group>"; };
		9445B55A24B514C600F1C9B3 /* DetailsViewController.h */ = {isa = PBXFileReference; lastKnownFileType = sourcecode.c.h; path = DetailsViewController.h; sourceTree = "<group>"; };
		9445B55B24B514C600F1C9B3 /* DetailsViewController.m */ = {isa = PBXFileReference; lastKnownFileType = sourcecode.c.objc; path = DetailsViewController.m; sourceTree = "<group>"; };
		A4835E5766522B4AA455F296 /* Pods-Instagram-InstagramUITests.debug.xcconfig */ = {isa = PBXFileReference; includeInIndex = 1; lastKnownFileType = text.xcconfig; name = "Pods-Instagram-InstagramUITests.debug.xcconfig"; path = "Target Support Files/Pods-Instagram-InstagramUITests/Pods-Instagram-InstagramUITests.debug.xcconfig"; sourceTree = "<group>"; };
		CF1D05236FCD19B089511EC7 /* Pods-InstagramTests.debug.xcconfig */ = {isa = PBXFileReference; includeInIndex = 1; lastKnownFileType = text.xcconfig; name = "Pods-InstagramTests.debug.xcconfig"; path = "Target Support Files/Pods-InstagramTests/Pods-InstagramTests.debug.xcconfig"; sourceTree = "<group>"; };
		D0D192F513A58227D15B159E /* Pods-Instagram.debug.xcconfig */ = {isa = PBXFileReference; includeInIndex = 1; lastKnownFileType = text.xcconfig; name = "Pods-Instagram.debug.xcconfig"; path = "Target Support Files/Pods-Instagram/Pods-Instagram.debug.xcconfig"; sourceTree = "<group>"; };
		D1B4D7FCDCE051A4897C3EFF /* Pods_Instagram.framework */ = {isa = PBXFileReference; explicitFileType = wrapper.framework; includeInIndex = 0; path = Pods_Instagram.framework; sourceTree = BUILT_PRODUCTS_DIR; };
		ECE54FD4132464DB67E72E6D /* Pods_Instagram_InstagramUITests.framework */ = {isa = PBXFileReference; explicitFileType = wrapper.framework; includeInIndex = 0; path = Pods_Instagram_InstagramUITests.framework; sourceTree = BUILT_PRODUCTS_DIR; };
/* End PBXFileReference section */

/* Begin PBXFrameworksBuildPhase section */
		9418D7CF24B3BCF800D9BDAB /* Frameworks */ = {
			isa = PBXFrameworksBuildPhase;
			buildActionMask = 2147483647;
			files = (
				3398D7D4A517DF47FB97F32B /* Pods_Instagram.framework in Frameworks */,
			);
			runOnlyForDeploymentPostprocessing = 0;
		};
		9418D7EA24B3BCF900D9BDAB /* Frameworks */ = {
			isa = PBXFrameworksBuildPhase;
			buildActionMask = 2147483647;
			files = (
				DED9FFDE089145207BF2B9F9 /* Pods_InstagramTests.framework in Frameworks */,
			);
			runOnlyForDeploymentPostprocessing = 0;
		};
		9418D7F524B3BCF900D9BDAB /* Frameworks */ = {
			isa = PBXFrameworksBuildPhase;
			buildActionMask = 2147483647;
			files = (
				05768705A58925AE38B301B8 /* Pods_Instagram_InstagramUITests.framework in Frameworks */,
			);
			runOnlyForDeploymentPostprocessing = 0;
		};
/* End PBXFrameworksBuildPhase section */

/* Begin PBXGroup section */
		63FB8C0F6AFEE9168EC37F07 /* Pods */ = {
			isa = PBXGroup;
			children = (
				D0D192F513A58227D15B159E /* Pods-Instagram.debug.xcconfig */,
				55E2609DC9E52702083BB9B3 /* Pods-Instagram.release.xcconfig */,
				A4835E5766522B4AA455F296 /* Pods-Instagram-InstagramUITests.debug.xcconfig */,
				527F03A5EC1B386A59C8DE02 /* Pods-Instagram-InstagramUITests.release.xcconfig */,
				CF1D05236FCD19B089511EC7 /* Pods-InstagramTests.debug.xcconfig */,
				5DA6D267772EF724345B358E /* Pods-InstagramTests.release.xcconfig */,
			);
			path = Pods;
			sourceTree = "<group>";
		};
		9418D7C924B3BCF800D9BDAB = {
			isa = PBXGroup;
			children = (
				9418D7D424B3BCF800D9BDAB /* Instagram */,
				9418D7F024B3BCF900D9BDAB /* InstagramTests */,
				9418D7FB24B3BCF900D9BDAB /* InstagramUITests */,
				9418D7D324B3BCF800D9BDAB /* Products */,
				63FB8C0F6AFEE9168EC37F07 /* Pods */,
				A57D322949A650AB2C6B6A46 /* Frameworks */,
			);
			sourceTree = "<group>";
		};
		9418D7D324B3BCF800D9BDAB /* Products */ = {
			isa = PBXGroup;
			children = (
				9418D7D224B3BCF800D9BDAB /* Instagram.app */,
				9418D7ED24B3BCF900D9BDAB /* InstagramTests.xctest */,
				9418D7F824B3BCF900D9BDAB /* InstagramUITests.xctest */,
			);
			name = Products;
			sourceTree = "<group>";
		};
		9418D7D424B3BCF800D9BDAB /* Instagram */ = {
			isa = PBXGroup;
			children = (
				9418D80E24B3CA2800D9BDAB /* ViewControllers */,
				9418D80D24B3CA1A00D9BDAB /* Models */,
				9418D80C24B3CA1400D9BDAB /* Views */,
				9418D7D524B3BCF800D9BDAB /* AppDelegate.h */,
				9418D7D624B3BCF800D9BDAB /* AppDelegate.m */,
				9418D7D824B3BCF800D9BDAB /* SceneDelegate.h */,
				9418D7D924B3BCF800D9BDAB /* SceneDelegate.m */,
				9418D7DB24B3BCF800D9BDAB /* ViewController.h */,
				9418D7DC24B3BCF800D9BDAB /* ViewController.m */,
				9418D7DE24B3BCF800D9BDAB /* Main.storyboard */,
				9418D7E124B3BCF900D9BDAB /* Assets.xcassets */,
				9418D7E324B3BCF900D9BDAB /* LaunchScreen.storyboard */,
				9418D7E624B3BCF900D9BDAB /* Info.plist */,
				9418D7E724B3BCF900D9BDAB /* main.m */,
			);
			path = Instagram;
			sourceTree = "<group>";
		};
		9418D7F024B3BCF900D9BDAB /* InstagramTests */ = {
			isa = PBXGroup;
			children = (
				9418D7F124B3BCF900D9BDAB /* InstagramTests.m */,
				9418D7F324B3BCF900D9BDAB /* Info.plist */,
			);
			path = InstagramTests;
			sourceTree = "<group>";
		};
		9418D7FB24B3BCF900D9BDAB /* InstagramUITests */ = {
			isa = PBXGroup;
			children = (
				9418D7FC24B3BCF900D9BDAB /* InstagramUITests.m */,
				9418D7FE24B3BCF900D9BDAB /* Info.plist */,
			);
			path = InstagramUITests;
			sourceTree = "<group>";
		};
		9418D80C24B3CA1400D9BDAB /* Views */ = {
			isa = PBXGroup;
			children = (
				94209A0D24B3FD4E005324B9 /* PhotoCell.h */,
				94209A0E24B3FD4E005324B9 /* PhotoCell.m */,
			);
			path = Views;
			sourceTree = "<group>";
		};
		9418D80D24B3CA1A00D9BDAB /* Models */ = {
			isa = PBXGroup;
			children = (
				94209A1024B501F4005324B9 /* Post.h */,
				94209A1124B501F4005324B9 /* Post.m */,
			);
			path = Models;
			sourceTree = "<group>";
		};
		9418D80E24B3CA2800D9BDAB /* ViewControllers */ = {
			isa = PBXGroup;
			children = (
				9418D80F24B3CA3D00D9BDAB /* LoginViewController.h */,
				9418D81024B3CA3D00D9BDAB /* LoginViewController.m */,
				9418D81224B3CD7100D9BDAB /* FeedViewController.h */,
				9418D81324B3CD7100D9BDAB /* FeedViewController.m */,
				9418D81524B3D81F00D9BDAB /* PhotoViewController.h */,
				9418D81624B3D81F00D9BDAB /* PhotoViewController.m */,
				9418D81824B3D91E00D9BDAB /* ProfileViewController.h */,
				9418D81924B3D91E00D9BDAB /* ProfileViewController.m */,
				9445B55A24B514C600F1C9B3 /* DetailsViewController.h */,
				9445B55B24B514C600F1C9B3 /* DetailsViewController.m */,
			);
			path = ViewControllers;
			sourceTree = "<group>";
		};
		A57D322949A650AB2C6B6A46 /* Frameworks */ = {
			isa = PBXGroup;
			children = (
				D1B4D7FCDCE051A4897C3EFF /* Pods_Instagram.framework */,
				ECE54FD4132464DB67E72E6D /* Pods_Instagram_InstagramUITests.framework */,
				8DE9138009811B02507DC676 /* Pods_InstagramTests.framework */,
			);
			name = Frameworks;
			sourceTree = "<group>";
		};
/* End PBXGroup section */

/* Begin PBXNativeTarget section */
		9418D7D124B3BCF800D9BDAB /* Instagram */ = {
			isa = PBXNativeTarget;
			buildConfigurationList = 9418D80124B3BCF900D9BDAB /* Build configuration list for PBXNativeTarget "Instagram" */;
			buildPhases = (
				D32D55BEA791A762BA437D02 /* [CP] Check Pods Manifest.lock */,
				9418D7CE24B3BCF800D9BDAB /* Sources */,
				9418D7CF24B3BCF800D9BDAB /* Frameworks */,
				9418D7D024B3BCF800D9BDAB /* Resources */,
				280B4123330C48F3A52F4BCE /* [CP] Embed Pods Frameworks */,
			);
			buildRules = (
			);
			dependencies = (
			);
			name = Instagram;
			productName = Instagram;
			productReference = 9418D7D224B3BCF800D9BDAB /* Instagram.app */;
			productType = "com.apple.product-type.application";
		};
		9418D7EC24B3BCF900D9BDAB /* InstagramTests */ = {
			isa = PBXNativeTarget;
			buildConfigurationList = 9418D80424B3BCF900D9BDAB /* Build configuration list for PBXNativeTarget "InstagramTests" */;
			buildPhases = (
				987797F50732405BC5CF57B8 /* [CP] Check Pods Manifest.lock */,
				9418D7E924B3BCF900D9BDAB /* Sources */,
				9418D7EA24B3BCF900D9BDAB /* Frameworks */,
				9418D7EB24B3BCF900D9BDAB /* Resources */,
			);
			buildRules = (
			);
			dependencies = (
				9418D7EF24B3BCF900D9BDAB /* PBXTargetDependency */,
			);
			name = InstagramTests;
			productName = InstagramTests;
			productReference = 9418D7ED24B3BCF900D9BDAB /* InstagramTests.xctest */;
			productType = "com.apple.product-type.bundle.unit-test";
		};
		9418D7F724B3BCF900D9BDAB /* InstagramUITests */ = {
			isa = PBXNativeTarget;
			buildConfigurationList = 9418D80724B3BCF900D9BDAB /* Build configuration list for PBXNativeTarget "InstagramUITests" */;
			buildPhases = (
				04007848DA802BFC75C06E88 /* [CP] Check Pods Manifest.lock */,
				9418D7F424B3BCF900D9BDAB /* Sources */,
				9418D7F524B3BCF900D9BDAB /* Frameworks */,
				9418D7F624B3BCF900D9BDAB /* Resources */,
				13FC2A881E41D1E9CE7E962F /* [CP] Embed Pods Frameworks */,
			);
			buildRules = (
			);
			dependencies = (
				9418D7FA24B3BCF900D9BDAB /* PBXTargetDependency */,
			);
			name = InstagramUITests;
			productName = InstagramUITests;
			productReference = 9418D7F824B3BCF900D9BDAB /* InstagramUITests.xctest */;
			productType = "com.apple.product-type.bundle.ui-testing";
		};
/* End PBXNativeTarget section */

/* Begin PBXProject section */
		9418D7CA24B3BCF800D9BDAB /* Project object */ = {
			isa = PBXProject;
			attributes = {
				LastUpgradeCheck = 1150;
				ORGANIZATIONNAME = anacismaru;
				TargetAttributes = {
					9418D7D124B3BCF800D9BDAB = {
						CreatedOnToolsVersion = 11.5;
					};
					9418D7EC24B3BCF900D9BDAB = {
						CreatedOnToolsVersion = 11.5;
						TestTargetID = 9418D7D124B3BCF800D9BDAB;
					};
					9418D7F724B3BCF900D9BDAB = {
						CreatedOnToolsVersion = 11.5;
						TestTargetID = 9418D7D124B3BCF800D9BDAB;
					};
				};
			};
			buildConfigurationList = 9418D7CD24B3BCF800D9BDAB /* Build configuration list for PBXProject "Instagram" */;
			compatibilityVersion = "Xcode 9.3";
			developmentRegion = en;
			hasScannedForEncodings = 0;
			knownRegions = (
				en,
				Base,
			);
			mainGroup = 9418D7C924B3BCF800D9BDAB;
			productRefGroup = 9418D7D324B3BCF800D9BDAB /* Products */;
			projectDirPath = "";
			projectRoot = "";
			targets = (
				9418D7D124B3BCF800D9BDAB /* Instagram */,
				9418D7EC24B3BCF900D9BDAB /* InstagramTests */,
				9418D7F724B3BCF900D9BDAB /* InstagramUITests */,
			);
		};
/* End PBXProject section */

/* Begin PBXResourcesBuildPhase section */
		9418D7D024B3BCF800D9BDAB /* Resources */ = {
			isa = PBXResourcesBuildPhase;
			buildActionMask = 2147483647;
			files = (
				9418D7E524B3BCF900D9BDAB /* LaunchScreen.storyboard in Resources */,
				9418D7E224B3BCF900D9BDAB /* Assets.xcassets in Resources */,
				9418D7E024B3BCF800D9BDAB /* Main.storyboard in Resources */,
			);
			runOnlyForDeploymentPostprocessing = 0;
		};
		9418D7EB24B3BCF900D9BDAB /* Resources */ = {
			isa = PBXResourcesBuildPhase;
			buildActionMask = 2147483647;
			files = (
			);
			runOnlyForDeploymentPostprocessing = 0;
		};
		9418D7F624B3BCF900D9BDAB /* Resources */ = {
			isa = PBXResourcesBuildPhase;
			buildActionMask = 2147483647;
			files = (
			);
			runOnlyForDeploymentPostprocessing = 0;
		};
/* End PBXResourcesBuildPhase section */

/* Begin PBXShellScriptBuildPhase section */
		04007848DA802BFC75C06E88 /* [CP] Check Pods Manifest.lock */ = {
			isa = PBXShellScriptBuildPhase;
			buildActionMask = 2147483647;
			files = (
			);
			inputFileListPaths = (
			);
			inputPaths = (
				"${PODS_PODFILE_DIR_PATH}/Podfile.lock",
				"${PODS_ROOT}/Manifest.lock",
			);
			name = "[CP] Check Pods Manifest.lock";
			outputFileListPaths = (
			);
			outputPaths = (
				"$(DERIVED_FILE_DIR)/Pods-Instagram-InstagramUITests-checkManifestLockResult.txt",
			);
			runOnlyForDeploymentPostprocessing = 0;
			shellPath = /bin/sh;
			shellScript = "diff \"${PODS_PODFILE_DIR_PATH}/Podfile.lock\" \"${PODS_ROOT}/Manifest.lock\" > /dev/null\nif [ $? != 0 ] ; then\n    # print error to STDERR\n    echo \"error: The sandbox is not in sync with the Podfile.lock. Run 'pod install' or update your CocoaPods installation.\" >&2\n    exit 1\nfi\n# This output is used by Xcode 'outputs' to avoid re-running this script phase.\necho \"SUCCESS\" > \"${SCRIPT_OUTPUT_FILE_0}\"\n";
			showEnvVarsInLog = 0;
		};
		13FC2A881E41D1E9CE7E962F /* [CP] Embed Pods Frameworks */ = {
			isa = PBXShellScriptBuildPhase;
			buildActionMask = 2147483647;
			files = (
			);
			inputFileListPaths = (
				"${PODS_ROOT}/Target Support Files/Pods-Instagram-InstagramUITests/Pods-Instagram-InstagramUITests-frameworks-${CONFIGURATION}-input-files.xcfilelist",
			);
			name = "[CP] Embed Pods Frameworks";
			outputFileListPaths = (
				"${PODS_ROOT}/Target Support Files/Pods-Instagram-InstagramUITests/Pods-Instagram-InstagramUITests-frameworks-${CONFIGURATION}-output-files.xcfilelist",
			);
			runOnlyForDeploymentPostprocessing = 0;
			shellPath = /bin/sh;
			shellScript = "\"${PODS_ROOT}/Target Support Files/Pods-Instagram-InstagramUITests/Pods-Instagram-InstagramUITests-frameworks.sh\"\n";
			showEnvVarsInLog = 0;
		};
		280B4123330C48F3A52F4BCE /* [CP] Embed Pods Frameworks */ = {
			isa = PBXShellScriptBuildPhase;
			buildActionMask = 2147483647;
			files = (
			);
			inputFileListPaths = (
				"${PODS_ROOT}/Target Support Files/Pods-Instagram/Pods-Instagram-frameworks-${CONFIGURATION}-input-files.xcfilelist",
			);
			name = "[CP] Embed Pods Frameworks";
			outputFileListPaths = (
				"${PODS_ROOT}/Target Support Files/Pods-Instagram/Pods-Instagram-frameworks-${CONFIGURATION}-output-files.xcfilelist",
			);
			runOnlyForDeploymentPostprocessing = 0;
			shellPath = /bin/sh;
			shellScript = "\"${PODS_ROOT}/Target Support Files/Pods-Instagram/Pods-Instagram-frameworks.sh\"\n";
			showEnvVarsInLog = 0;
		};
		987797F50732405BC5CF57B8 /* [CP] Check Pods Manifest.lock */ = {
			isa = PBXShellScriptBuildPhase;
			buildActionMask = 2147483647;
			files = (
			);
			inputFileListPaths = (
			);
			inputPaths = (
				"${PODS_PODFILE_DIR_PATH}/Podfile.lock",
				"${PODS_ROOT}/Manifest.lock",
			);
			name = "[CP] Check Pods Manifest.lock";
			outputFileListPaths = (
			);
			outputPaths = (
				"$(DERIVED_FILE_DIR)/Pods-InstagramTests-checkManifestLockResult.txt",
			);
			runOnlyForDeploymentPostprocessing = 0;
			shellPath = /bin/sh;
			shellScript = "diff \"${PODS_PODFILE_DIR_PATH}/Podfile.lock\" \"${PODS_ROOT}/Manifest.lock\" > /dev/null\nif [ $? != 0 ] ; then\n    # print error to STDERR\n    echo \"error: The sandbox is not in sync with the Podfile.lock. Run 'pod install' or update your CocoaPods installation.\" >&2\n    exit 1\nfi\n# This output is used by Xcode 'outputs' to avoid re-running this script phase.\necho \"SUCCESS\" > \"${SCRIPT_OUTPUT_FILE_0}\"\n";
			showEnvVarsInLog = 0;
		};
		D32D55BEA791A762BA437D02 /* [CP] Check Pods Manifest.lock */ = {
			isa = PBXShellScriptBuildPhase;
			buildActionMask = 2147483647;
			files = (
			);
			inputFileListPaths = (
			);
			inputPaths = (
				"${PODS_PODFILE_DIR_PATH}/Podfile.lock",
				"${PODS_ROOT}/Manifest.lock",
			);
			name = "[CP] Check Pods Manifest.lock";
			outputFileListPaths = (
			);
			outputPaths = (
				"$(DERIVED_FILE_DIR)/Pods-Instagram-checkManifestLockResult.txt",
			);
			runOnlyForDeploymentPostprocessing = 0;
			shellPath = /bin/sh;
			shellScript = "diff \"${PODS_PODFILE_DIR_PATH}/Podfile.lock\" \"${PODS_ROOT}/Manifest.lock\" > /dev/null\nif [ $? != 0 ] ; then\n    # print error to STDERR\n    echo \"error: The sandbox is not in sync with the Podfile.lock. Run 'pod install' or update your CocoaPods installation.\" >&2\n    exit 1\nfi\n# This output is used by Xcode 'outputs' to avoid re-running this script phase.\necho \"SUCCESS\" > \"${SCRIPT_OUTPUT_FILE_0}\"\n";
			showEnvVarsInLog = 0;
		};
/* End PBXShellScriptBuildPhase section */

/* Begin PBXSourcesBuildPhase section */
		9418D7CE24B3BCF800D9BDAB /* Sources */ = {
			isa = PBXSourcesBuildPhase;
			buildActionMask = 2147483647;
			files = (
				9418D7DD24B3BCF800D9BDAB /* ViewController.m in Sources */,
				9418D7D724B3BCF800D9BDAB /* AppDelegate.m in Sources */,
				9445B55C24B514C600F1C9B3 /* DetailsViewController.m in Sources */,
				9418D81A24B3D91E00D9BDAB /* ProfileViewController.m in Sources */,
				9418D7E824B3BCF900D9BDAB /* main.m in Sources */,
				9418D7DA24B3BCF800D9BDAB /* SceneDelegate.m in Sources */,
				94209A0F24B3FD4E005324B9 /* PhotoCell.m in Sources */,
				9418D81424B3CD7100D9BDAB /* FeedViewController.m in Sources */,
				94209A1224B501F4005324B9 /* Post.m in Sources */,
				9418D81124B3CA3D00D9BDAB /* LoginViewController.m in Sources */,
				9418D81724B3D81F00D9BDAB /* PhotoViewController.m in Sources */,
			);
			runOnlyForDeploymentPostprocessing = 0;
		};
		9418D7E924B3BCF900D9BDAB /* Sources */ = {
			isa = PBXSourcesBuildPhase;
			buildActionMask = 2147483647;
			files = (
				9418D7F224B3BCF900D9BDAB /* InstagramTests.m in Sources */,
			);
			runOnlyForDeploymentPostprocessing = 0;
		};
		9418D7F424B3BCF900D9BDAB /* Sources */ = {
			isa = PBXSourcesBuildPhase;
			buildActionMask = 2147483647;
			files = (
				9418D7FD24B3BCF900D9BDAB /* InstagramUITests.m in Sources */,
			);
			runOnlyForDeploymentPostprocessing = 0;
		};
/* End PBXSourcesBuildPhase section */

/* Begin PBXTargetDependency section */
		9418D7EF24B3BCF900D9BDAB /* PBXTargetDependency */ = {
			isa = PBXTargetDependency;
			target = 9418D7D124B3BCF800D9BDAB /* Instagram */;
			targetProxy = 9418D7EE24B3BCF900D9BDAB /* PBXContainerItemProxy */;
		};
		9418D7FA24B3BCF900D9BDAB /* PBXTargetDependency */ = {
			isa = PBXTargetDependency;
			target = 9418D7D124B3BCF800D9BDAB /* Instagram */;
			targetProxy = 9418D7F924B3BCF900D9BDAB /* PBXContainerItemProxy */;
		};
/* End PBXTargetDependency section */

/* Begin PBXVariantGroup section */
		9418D7DE24B3BCF800D9BDAB /* Main.storyboard */ = {
			isa = PBXVariantGroup;
			children = (
				9418D7DF24B3BCF800D9BDAB /* Base */,
			);
			name = Main.storyboard;
			sourceTree = "<group>";
		};
		9418D7E324B3BCF900D9BDAB /* LaunchScreen.storyboard */ = {
			isa = PBXVariantGroup;
			children = (
				9418D7E424B3BCF900D9BDAB /* Base */,
			);
			name = LaunchScreen.storyboard;
			sourceTree = "<group>";
		};
/* End PBXVariantGroup section */

/* Begin XCBuildConfiguration section */
		9418D7FF24B3BCF900D9BDAB /* Debug */ = {
			isa = XCBuildConfiguration;
			buildSettings = {
				ALWAYS_SEARCH_USER_PATHS = NO;
				CLANG_ANALYZER_NONNULL = YES;
				CLANG_ANALYZER_NUMBER_OBJECT_CONVERSION = YES_AGGRESSIVE;
				CLANG_CXX_LANGUAGE_STANDARD = "gnu++14";
				CLANG_CXX_LIBRARY = "libc++";
				CLANG_ENABLE_MODULES = YES;
				CLANG_ENABLE_OBJC_ARC = YES;
				CLANG_ENABLE_OBJC_WEAK = YES;
				CLANG_WARN_BLOCK_CAPTURE_AUTORELEASING = YES;
				CLANG_WARN_BOOL_CONVERSION = YES;
				CLANG_WARN_COMMA = YES;
				CLANG_WARN_CONSTANT_CONVERSION = YES;
				CLANG_WARN_DEPRECATED_OBJC_IMPLEMENTATIONS = YES;
				CLANG_WARN_DIRECT_OBJC_ISA_USAGE = YES_ERROR;
				CLANG_WARN_DOCUMENTATION_COMMENTS = YES;
				CLANG_WARN_EMPTY_BODY = YES;
				CLANG_WARN_ENUM_CONVERSION = YES;
				CLANG_WARN_INFINITE_RECURSION = YES;
				CLANG_WARN_INT_CONVERSION = YES;
				CLANG_WARN_NON_LITERAL_NULL_CONVERSION = YES;
				CLANG_WARN_OBJC_IMPLICIT_RETAIN_SELF = YES;
				CLANG_WARN_OBJC_LITERAL_CONVERSION = YES;
				CLANG_WARN_OBJC_ROOT_CLASS = YES_ERROR;
				CLANG_WARN_RANGE_LOOP_ANALYSIS = YES;
				CLANG_WARN_STRICT_PROTOTYPES = YES;
				CLANG_WARN_SUSPICIOUS_MOVE = YES;
				CLANG_WARN_UNGUARDED_AVAILABILITY = YES_AGGRESSIVE;
				CLANG_WARN_UNREACHABLE_CODE = YES;
				CLANG_WARN__DUPLICATE_METHOD_MATCH = YES;
				COPY_PHASE_STRIP = NO;
				DEBUG_INFORMATION_FORMAT = dwarf;
				ENABLE_STRICT_OBJC_MSGSEND = YES;
				ENABLE_TESTABILITY = YES;
				GCC_C_LANGUAGE_STANDARD = gnu11;
				GCC_DYNAMIC_NO_PIC = NO;
				GCC_NO_COMMON_BLOCKS = YES;
				GCC_OPTIMIZATION_LEVEL = 0;
				GCC_PREPROCESSOR_DEFINITIONS = (
					"DEBUG=1",
					"$(inherited)",
				);
				GCC_WARN_64_TO_32_BIT_CONVERSION = YES;
				GCC_WARN_ABOUT_RETURN_TYPE = YES_ERROR;
				GCC_WARN_UNDECLARED_SELECTOR = YES;
				GCC_WARN_UNINITIALIZED_AUTOS = YES_AGGRESSIVE;
				GCC_WARN_UNUSED_FUNCTION = YES;
				GCC_WARN_UNUSED_VARIABLE = YES;
				IPHONEOS_DEPLOYMENT_TARGET = 13.5;
				MTL_ENABLE_DEBUG_INFO = INCLUDE_SOURCE;
				MTL_FAST_MATH = YES;
				ONLY_ACTIVE_ARCH = YES;
				SDKROOT = iphoneos;
			};
			name = Debug;
		};
		9418D80024B3BCF900D9BDAB /* Release */ = {
			isa = XCBuildConfiguration;
			buildSettings = {
				ALWAYS_SEARCH_USER_PATHS = NO;
				CLANG_ANALYZER_NONNULL = YES;
				CLANG_ANALYZER_NUMBER_OBJECT_CONVERSION = YES_AGGRESSIVE;
				CLANG_CXX_LANGUAGE_STANDARD = "gnu++14";
				CLANG_CXX_LIBRARY = "libc++";
				CLANG_ENABLE_MODULES = YES;
				CLANG_ENABLE_OBJC_ARC = YES;
				CLANG_ENABLE_OBJC_WEAK = YES;
				CLANG_WARN_BLOCK_CAPTURE_AUTORELEASING = YES;
				CLANG_WARN_BOOL_CONVERSION = YES;
				CLANG_WARN_COMMA = YES;
				CLANG_WARN_CONSTANT_CONVERSION = YES;
				CLANG_WARN_DEPRECATED_OBJC_IMPLEMENTATIONS = YES;
				CLANG_WARN_DIRECT_OBJC_ISA_USAGE = YES_ERROR;
				CLANG_WARN_DOCUMENTATION_COMMENTS = YES;
				CLANG_WARN_EMPTY_BODY = YES;
				CLANG_WARN_ENUM_CONVERSION = YES;
				CLANG_WARN_INFINITE_RECURSION = YES;
				CLANG_WARN_INT_CONVERSION = YES;
				CLANG_WARN_NON_LITERAL_NULL_CONVERSION = YES;
				CLANG_WARN_OBJC_IMPLICIT_RETAIN_SELF = YES;
				CLANG_WARN_OBJC_LITERAL_CONVERSION = YES;
				CLANG_WARN_OBJC_ROOT_CLASS = YES_ERROR;
				CLANG_WARN_RANGE_LOOP_ANALYSIS = YES;
				CLANG_WARN_STRICT_PROTOTYPES = YES;
				CLANG_WARN_SUSPICIOUS_MOVE = YES;
				CLANG_WARN_UNGUARDED_AVAILABILITY = YES_AGGRESSIVE;
				CLANG_WARN_UNREACHABLE_CODE = YES;
				CLANG_WARN__DUPLICATE_METHOD_MATCH = YES;
				COPY_PHASE_STRIP = NO;
				DEBUG_INFORMATION_FORMAT = "dwarf-with-dsym";
				ENABLE_NS_ASSERTIONS = NO;
				ENABLE_STRICT_OBJC_MSGSEND = YES;
				GCC_C_LANGUAGE_STANDARD = gnu11;
				GCC_NO_COMMON_BLOCKS = YES;
				GCC_WARN_64_TO_32_BIT_CONVERSION = YES;
				GCC_WARN_ABOUT_RETURN_TYPE = YES_ERROR;
				GCC_WARN_UNDECLARED_SELECTOR = YES;
				GCC_WARN_UNINITIALIZED_AUTOS = YES_AGGRESSIVE;
				GCC_WARN_UNUSED_FUNCTION = YES;
				GCC_WARN_UNUSED_VARIABLE = YES;
				IPHONEOS_DEPLOYMENT_TARGET = 13.5;
				MTL_ENABLE_DEBUG_INFO = NO;
				MTL_FAST_MATH = YES;
				SDKROOT = iphoneos;
				VALIDATE_PRODUCT = YES;
			};
			name = Release;
		};
		9418D80224B3BCF900D9BDAB /* Debug */ = {
			isa = XCBuildConfiguration;
			baseConfigurationReference = D0D192F513A58227D15B159E /* Pods-Instagram.debug.xcconfig */;
			buildSettings = {
				ASSETCATALOG_COMPILER_APPICON_NAME = AppIcon;
				CODE_SIGN_IDENTITY = "Apple Development";
				CODE_SIGN_STYLE = Automatic;
				DEVELOPMENT_TEAM = XP986C937N;
				INFOPLIST_FILE = Instagram/Info.plist;
				LD_RUNPATH_SEARCH_PATHS = (
					"$(inherited)",
					"@executable_path/Frameworks",
				);
				PRODUCT_BUNDLE_IDENTIFIER = anacismaru.Instagram;
				PRODUCT_NAME = "$(TARGET_NAME)";
				PROVISIONING_PROFILE_SPECIFIER = "";
				TARGETED_DEVICE_FAMILY = "1,2";
			};
			name = Debug;
		};
		9418D80324B3BCF900D9BDAB /* Release */ = {
			isa = XCBuildConfiguration;
			baseConfigurationReference = 55E2609DC9E52702083BB9B3 /* Pods-Instagram.release.xcconfig */;
			buildSettings = {
				ASSETCATALOG_COMPILER_APPICON_NAME = AppIcon;
				CODE_SIGN_IDENTITY = "Apple Development";
				CODE_SIGN_STYLE = Automatic;
				DEVELOPMENT_TEAM = XP986C937N;
				INFOPLIST_FILE = Instagram/Info.plist;
				LD_RUNPATH_SEARCH_PATHS = (
					"$(inherited)",
					"@executable_path/Frameworks",
				);
				PRODUCT_BUNDLE_IDENTIFIER = anacismaru.Instagram;
				PRODUCT_NAME = "$(TARGET_NAME)";
				PROVISIONING_PROFILE_SPECIFIER = "";
				TARGETED_DEVICE_FAMILY = "1,2";
			};
			name = Release;
		};
		9418D80524B3BCF900D9BDAB /* Debug */ = {
			isa = XCBuildConfiguration;
			baseConfigurationReference = CF1D05236FCD19B089511EC7 /* Pods-InstagramTests.debug.xcconfig */;
			buildSettings = {
				BUNDLE_LOADER = "$(TEST_HOST)";
				CODE_SIGN_STYLE = Automatic;
				INFOPLIST_FILE = InstagramTests/Info.plist;
				IPHONEOS_DEPLOYMENT_TARGET = 13.5;
				LD_RUNPATH_SEARCH_PATHS = (
					"$(inherited)",
					"@executable_path/Frameworks",
					"@loader_path/Frameworks",
				);
				PRODUCT_BUNDLE_IDENTIFIER = anacismaru.InstagramTests;
				PRODUCT_NAME = "$(TARGET_NAME)";
				TARGETED_DEVICE_FAMILY = "1,2";
				TEST_HOST = "$(BUILT_PRODUCTS_DIR)/Instagram.app/Instagram";
			};
			name = Debug;
		};
		9418D80624B3BCF900D9BDAB /* Release */ = {
			isa = XCBuildConfiguration;
			baseConfigurationReference = 5DA6D267772EF724345B358E /* Pods-InstagramTests.release.xcconfig */;
			buildSettings = {
				BUNDLE_LOADER = "$(TEST_HOST)";
				CODE_SIGN_STYLE = Automatic;
				INFOPLIST_FILE = InstagramTests/Info.plist;
				IPHONEOS_DEPLOYMENT_TARGET = 13.5;
				LD_RUNPATH_SEARCH_PATHS = (
					"$(inherited)",
					"@executable_path/Frameworks",
					"@loader_path/Frameworks",
				);
				PRODUCT_BUNDLE_IDENTIFIER = anacismaru.InstagramTests;
				PRODUCT_NAME = "$(TARGET_NAME)";
				TARGETED_DEVICE_FAMILY = "1,2";
				TEST_HOST = "$(BUILT_PRODUCTS_DIR)/Instagram.app/Instagram";
			};
			name = Release;
		};
		9418D80824B3BCF900D9BDAB /* Debug */ = {
			isa = XCBuildConfiguration;
			baseConfigurationReference = A4835E5766522B4AA455F296 /* Pods-Instagram-InstagramUITests.debug.xcconfig */;
			buildSettings = {
				CODE_SIGN_STYLE = Automatic;
				INFOPLIST_FILE = InstagramUITests/Info.plist;
				LD_RUNPATH_SEARCH_PATHS = (
					"$(inherited)",
					"@executable_path/Frameworks",
					"@loader_path/Frameworks",
				);
				PRODUCT_BUNDLE_IDENTIFIER = anacismaru.InstagramUITests;
				PRODUCT_NAME = "$(TARGET_NAME)";
				TARGETED_DEVICE_FAMILY = "1,2";
				TEST_TARGET_NAME = Instagram;
			};
			name = Debug;
		};
		9418D80924B3BCF900D9BDAB /* Release */ = {
			isa = XCBuildConfiguration;
			baseConfigurationReference = 527F03A5EC1B386A59C8DE02 /* Pods-Instagram-InstagramUITests.release.xcconfig */;
			buildSettings = {
				CODE_SIGN_STYLE = Automatic;
				INFOPLIST_FILE = InstagramUITests/Info.plist;
				LD_RUNPATH_SEARCH_PATHS = (
					"$(inherited)",
					"@executable_path/Frameworks",
					"@loader_path/Frameworks",
				);
				PRODUCT_BUNDLE_IDENTIFIER = anacismaru.InstagramUITests;
				PRODUCT_NAME = "$(TARGET_NAME)";
				TARGETED_DEVICE_FAMILY = "1,2";
				TEST_TARGET_NAME = Instagram;
			};
			name = Release;
		};
/* End XCBuildConfiguration section */

/* Begin XCConfigurationList section */
		9418D7CD24B3BCF800D9BDAB /* Build configuration list for PBXProject "Instagram" */ = {
			isa = XCConfigurationList;
			buildConfigurations = (
				9418D7FF24B3BCF900D9BDAB /* Debug */,
				9418D80024B3BCF900D9BDAB /* Release */,
			);
			defaultConfigurationIsVisible = 0;
			defaultConfigurationName = Release;
		};
		9418D80124B3BCF900D9BDAB /* Build configuration list for PBXNativeTarget "Instagram" */ = {
			isa = XCConfigurationList;
			buildConfigurations = (
				9418D80224B3BCF900D9BDAB /* Debug */,
				9418D80324B3BCF900D9BDAB /* Release */,
			);
			defaultConfigurationIsVisible = 0;
			defaultConfigurationName = Release;
		};
		9418D80424B3BCF900D9BDAB /* Build configuration list for PBXNativeTarget "InstagramTests" */ = {
			isa = XCConfigurationList;
			buildConfigurations = (
				9418D80524B3BCF900D9BDAB /* Debug */,
				9418D80624B3BCF900D9BDAB /* Release */,
			);
			defaultConfigurationIsVisible = 0;
			defaultConfigurationName = Release;
		};
		9418D80724B3BCF900D9BDAB /* Build configuration list for PBXNativeTarget "InstagramUITests" */ = {
			isa = XCConfigurationList;
			buildConfigurations = (
				9418D80824B3BCF900D9BDAB /* Debug */,
				9418D80924B3BCF900D9BDAB /* Release */,
			);
			defaultConfigurationIsVisible = 0;
			defaultConfigurationName = Release;
		};
/* End XCConfigurationList section */
	};
	rootObject = 9418D7CA24B3BCF800D9BDAB /* Project object */;
}
